
Microsoft Visual Studio Solution File, Format Version 12.00
# Visual Studio 15
VisualStudioVersion = 15.0.27428.2005
MinimumVisualStudioVersion = 10.0.40219.1
Project("{FAE04EC0-301F-11D3-BF4B-00C04F79EFBC}") = "TMMSE", "TMMSE.csproj", "{4021921D-FD75-4661-A819-8A0DFB96D267}"
EndProject
Global
	GlobalSection(SolutionConfigurationPlatforms) = preSolution
		Debug|Any CPU = Debug|Any CPU
		Release|Any CPU = Release|Any CPU
	EndGlobalSection
	GlobalSection(ProjectConfigurationPlatforms) = postSolution
		{4021921D-FD75-4661-A819-8A0DFB96D267}.Debug|Any CPU.ActiveCfg = Debug|Any CPU
		{4021921D-FD75-4661-A819-8A0DFB96D267}.Debug|Any CPU.Build.0 = Debug|Any CPU
		{4021921D-FD75-4661-A819-8A0DFB96D267}.Release|Any CPU.ActiveCfg = Release|Any CPU
		{4021921D-FD75-4661-A819-8A0DFB96D267}.Release|Any CPU.Build.0 = Release|Any CPU
	EndGlobalSection
	GlobalSection(SolutionProperties) = preSolution
		HideSolutionNode = FALSE
	EndGlobalSection
	GlobalSection(ExtensibilityGlobals) = postSolution
		SolutionGuid = {613F2FB8-3E0A-4FF1-967F-C0972E0940C0}
	EndGlobalSection
EndGlobal
